
Microsoft Visual Studio Solution File, Format Version 12.00
# Visual Studio Version 17
VisualStudioVersion = 17.7.34031.279
MinimumVisualStudioVersion = 10.0.40219.1
Project("{FAE04EC0-301F-11D3-BF4B-00C04F79EFBC}") = "SnakeGame", "SnakeGame\SnakeGame.csproj", "{E6FA36AE-4822-459E-AA85-E9A6FC725855}"
EndProject
Global
	GlobalSection(SolutionConfigurationPlatforms) = preSolution
		Debug|Any CPU = Debug|Any CPU
		Release|Any CPU = Release|Any CPU
	EndGlobalSection
	GlobalSection(ProjectConfigurationPlatforms) = postSolution
		{E6FA36AE-4822-459E-AA85-E9A6FC725855}.Debug|Any CPU.ActiveCfg = Debug|Any CPU
		{E6FA36AE-4822-459E-AA85-E9A6FC725855}.Debug|Any CPU.Build.0 = Debug|Any CPU
		{E6FA36AE-4822-459E-AA85-E9A6FC725855}.Release|Any CPU.ActiveCfg = Release|Any CPU
		{E6FA36AE-4822-459E-AA85-E9A6FC725855}.Release|Any CPU.Build.0 = Release|Any CPU
	EndGlobalSection
	GlobalSection(SolutionProperties) = preSolution
		HideSolutionNode = FALSE
	EndGlobalSection
	GlobalSection(ExtensibilityGlobals) = postSolution
		SolutionGuid = {54ED0D2A-EED8-4638-8704-20BB2287AB09}
	EndGlobalSection
EndGlobal
